
Microsoft Visual Studio Solution File, Format Version 12.00
# Visual Studio Version 16
VisualStudioVersion = 16.0.30011.22
MinimumVisualStudioVersion = 10.0.40219.1
Project("{FAE04EC0-301F-11D3-BF4B-00C04F79EFBC}") = "ASP_WEB_NET_FRAMEWORK", "ASP_WEB_NET_FRAMEWORK\ASP_WEB_NET_FRAMEWORK.csproj", "{22385C7D-4AA0-4146-9AAC-A5BF00C5019C}"
EndProject
Project("{FAE04EC0-301F-11D3-BF4B-00C04F79EFBC}") = "ASP_WEB_NET_FRAMEWORK.Tests", "ASP_WEB_NET_FRAMEWORK.Tests\ASP_WEB_NET_FRAMEWORK.Tests.csproj", "{B9BE16DD-B180-4715-A510-62FCC379BDE0}"
EndProject
Global
	GlobalSection(SolutionConfigurationPlatforms) = preSolution
		Debug|Any CPU = Debug|Any CPU
		Release|Any CPU = Release|Any CPU
	EndGlobalSection
	GlobalSection(ProjectConfigurationPlatforms) = postSolution
		{22385C7D-4AA0-4146-9AAC-A5BF00C5019C}.Debug|Any CPU.ActiveCfg = Debug|Any CPU
		{22385C7D-4AA0-4146-9AAC-A5BF00C5019C}.Debug|Any CPU.Build.0 = Debug|Any CPU
		{22385C7D-4AA0-4146-9AAC-A5BF00C5019C}.Release|Any CPU.ActiveCfg = Release|Any CPU
		{22385C7D-4AA0-4146-9AAC-A5BF00C5019C}.Release|Any CPU.Build.0 = Release|Any CPU
		{B9BE16DD-B180-4715-A510-62FCC379BDE0}.Debug|Any CPU.ActiveCfg = Debug|Any CPU
		{B9BE16DD-B180-4715-A510-62FCC379BDE0}.Debug|Any CPU.Build.0 = Debug|Any CPU
		{B9BE16DD-B180-4715-A510-62FCC379BDE0}.Release|Any CPU.ActiveCfg = Release|Any CPU
		{B9BE16DD-B180-4715-A510-62FCC379BDE0}.Release|Any CPU.Build.0 = Release|Any CPU
	EndGlobalSection
	GlobalSection(SolutionProperties) = preSolution
		HideSolutionNode = FALSE
	EndGlobalSection
	GlobalSection(ExtensibilityGlobals) = postSolution
		SolutionGuid = {4FF867B4-1F65-4553-9697-CD2EF018B68C}
	EndGlobalSection
EndGlobal
